
Microsoft Visual Studio Solution File, Format Version 12.00
# Visual Studio Version 17
VisualStudioVersion = 17.5.002.0
MinimumVisualStudioVersion = 10.0.40219.1
Project("{2150E333-8FDC-42A3-9474-1A3956D46DE8}") = "src", "src", "{033FB475-BB2F-4617-8FE6-9E283B885A97}"
EndProject
Project("{9A19103F-16F7-4668-BE54-9A1E7A4F7556}") = "WebApi", "src\WebApi\WebApi.csproj", "{281738D8-C6AE-4880-BF08-F16A612021B4}"
EndProject
Project("{FAE04EC0-301F-11D3-BF4B-00C04F79EFBC}") = "Application", "src\Application\Application.csproj", "{3F5BCA39-8D65-4B1E-A327-AAC4CD77F823}"
EndProject
Project("{2150E333-8FDC-42A3-9474-1A3956D46DE8}") = "Infrastructure", "Infrastructure", "{D3B7902F-7724-43D6-BEB8-15FD8BB005DD}"
EndProject
Project("{FAE04EC0-301F-11D3-BF4B-00C04F79EFBC}") = "FlightsHttpClient", "src\Infrastructure\FlightsHttpClient\FlightsHttpClient.csproj", "{F341FD7E-153E-4262-AA06-5A6AD7BBEC9D}"
EndProject
Global
	GlobalSection(SolutionConfigurationPlatforms) = preSolution
		Debug|Any CPU = Debug|Any CPU
		Release|Any CPU = Release|Any CPU
	EndGlobalSection
	GlobalSection(ProjectConfigurationPlatforms) = postSolution
		{281738D8-C6AE-4880-BF08-F16A612021B4}.Debug|Any CPU.ActiveCfg = Debug|Any CPU
		{281738D8-C6AE-4880-BF08-F16A612021B4}.Debug|Any CPU.Build.0 = Debug|Any CPU
		{281738D8-C6AE-4880-BF08-F16A612021B4}.Release|Any CPU.ActiveCfg = Release|Any CPU
		{281738D8-C6AE-4880-BF08-F16A612021B4}.Release|Any CPU.Build.0 = Release|Any CPU
		{3F5BCA39-8D65-4B1E-A327-AAC4CD77F823}.Debug|Any CPU.ActiveCfg = Debug|Any CPU
		{3F5BCA39-8D65-4B1E-A327-AAC4CD77F823}.Debug|Any CPU.Build.0 = Debug|Any CPU
		{3F5BCA39-8D65-4B1E-A327-AAC4CD77F823}.Release|Any CPU.ActiveCfg = Release|Any CPU
		{3F5BCA39-8D65-4B1E-A327-AAC4CD77F823}.Release|Any CPU.Build.0 = Release|Any CPU
		{F341FD7E-153E-4262-AA06-5A6AD7BBEC9D}.Debug|Any CPU.ActiveCfg = Debug|Any CPU
		{F341FD7E-153E-4262-AA06-5A6AD7BBEC9D}.Debug|Any CPU.Build.0 = Debug|Any CPU
		{F341FD7E-153E-4262-AA06-5A6AD7BBEC9D}.Release|Any CPU.ActiveCfg = Release|Any CPU
		{F341FD7E-153E-4262-AA06-5A6AD7BBEC9D}.Release|Any CPU.Build.0 = Release|Any CPU
	EndGlobalSection
	GlobalSection(SolutionProperties) = preSolution
		HideSolutionNode = FALSE
	EndGlobalSection
	GlobalSection(NestedProjects) = preSolution
		{281738D8-C6AE-4880-BF08-F16A612021B4} = {033FB475-BB2F-4617-8FE6-9E283B885A97}
		{3F5BCA39-8D65-4B1E-A327-AAC4CD77F823} = {033FB475-BB2F-4617-8FE6-9E283B885A97}
		{D3B7902F-7724-43D6-BEB8-15FD8BB005DD} = {033FB475-BB2F-4617-8FE6-9E283B885A97}
		{F341FD7E-153E-4262-AA06-5A6AD7BBEC9D} = {D3B7902F-7724-43D6-BEB8-15FD8BB005DD}
	EndGlobalSection
	GlobalSection(ExtensibilityGlobals) = postSolution
		SolutionGuid = {A44FB607-6F06-4C96-B1D7-4EBD07357C81}
	EndGlobalSection
EndGlobal
